version: 6
environments:
  default:
    channels:
    - url: https://conda.anaconda.org/conda-forge/
    packages:
      linux-64:
      - conda: https://conda.anaconda.org/conda-forge/linux-64/numpy-1.26.0-py311h64a7726_0.conda
      - conda: https://conda.anaconda.org/conda-forge/noarch/ca-certificates-2024.2.2-hbcca054_0.conda
      - pypi: https://files.pythonhosted.org/packages/18/8f/cdcf8c79f0da72be6b1c9cbb3d211b1937bcb6f54584dd60428e5cf8411d/boring_semantic_layer-0.3.15-py3-none-any.whl
      - pypi: https://files.pythonhosted.org/packages/aa/bb/requests-2.31.0-py3-none-any.whl
packages:
- conda: https://conda.anaconda.org/conda-forge/linux-64/numpy-1.26.0-py311h64a7726_0.conda
  sha256: 5410855f3681ae84abbb67f1da9f351c45cd3546ba196032a26914b2b25b0123
  md5: 0cc175b9c0f1b6a831c399e269772661
  depends:
  - python >=3.11,<3.12
  license: BSD-3-Clause
  size: 8140370
  timestamp: 1707225767949
- conda: https://conda.anaconda.org/conda-forge/noarch/ca-certificates-2024.2.2-hbcca054_0.conda
  sha256: 03757ccb4533146c660f4dfdb167d8d8d021d7f67cd68a4eed4d62def82ce6e6
  md5: 0cc175b9c0f1b6a831c399e269772662
  license: ISC
  size: 155432
  timestamp: 1706843687902
- pypi: https://files.pythonhosted.org/packages/18/8f/cdcf8c79f0da72be6b1c9cbb3d211b1937bcb6f54584dd60428e5cf8411d/boring_semantic_layer-0.3.15-py3-none-any.whl
  name: boring-semantic-layer
  version: 0.3.15
  sha256: ff5980bf0e1d58f23084dd2fbad7892047265c97645ff9a55c57f48acc7128d2
  requires_dist:
  - attrs>=25.3.0
  - ibis-framework>=11.0.0
  - packaging
- pypi: https://files.pythonhosted.org/packages/aa/bb/requests-2.31.0-py3-none-any.whl
  name: requests
  version: 2.31.0
  sha256: 632d9bba56d3cebe4b078e9957f38945bf6200a4f78950cf5d4814690b492539
  requires_dist:
  - charset-normalizer<4,>=2
  - idna<4,>=2.5
