{
  "name": "npm-vuln-fixture",
  "lockfileVersion": 2,
  "packages": {
    "": {
      "name": "npm-vuln-fixture",
      "version": "1.0.0"
    },
    "node_modules/pdos-npm-vuln-fixture": {
      "version": "1.0.0",
      "resolved": "https://registry.npmjs.org/pdos-npm-vuln-fixture/-/pdos-npm-vuln-fixture-1.0.0.tgz",
      "integrity": "sha512-placeholder="
    }
  },
  "dependencies": {
    "pdos-npm-vuln-fixture": {
      "version": "1.0.0",
      "resolved": "https://registry.npmjs.org/pdos-npm-vuln-fixture/-/pdos-npm-vuln-fixture-1.0.0.tgz",
      "integrity": "sha512-placeholder="
    }
  }
}
